// !$*UTF8*$!
{
	archiveVersion = 1;
	classes = {
	};
	objectVersion = 55;
	objects = {

/* Begin PBXBuildFile section */
		9C4B05AB28C9FC3300C23A65 /* AccountSummaryCell.swift in Sources */ = {isa = PBXBuildFile; fileRef = 9C4B05AA28C9FC3300C23A65 /* AccountSummaryCell.swift */; };
		9C4B05AD28CA128E00C23A65 /* DecimalUtils.swift in Sources */ = {isa = PBXBuildFile; fileRef = 9C4B05AC28CA128E00C23A65 /* DecimalUtils.swift */; };
		9C4B05AF28CA12E600C23A65 /* CurrencyFormatter.swift in Sources */ = {isa = PBXBuildFile; fileRef = 9C4B05AE28CA12E600C23A65 /* CurrencyFormatter.swift */; };
		9C4B05C028CA52B300C23A65 /* CurrencyFormatterTests.swift in Sources */ = {isa = PBXBuildFile; fileRef = 9C4B05BF28CA52B300C23A65 /* CurrencyFormatterTests.swift */; };
		9C97F26A28C2694800CD60BD /* AppDelegate.swift in Sources */ = {isa = PBXBuildFile; fileRef = 9C97F26928C2694800CD60BD /* AppDelegate.swift */; };
		9C97F26E28C2694800CD60BD /* LoginViewController.swift in Sources */ = {isa = PBXBuildFile; fileRef = 9C97F26D28C2694800CD60BD /* LoginViewController.swift */; };
		9C97F27328C2694B00CD60BD /* Assets.xcassets in Resources */ = {isa = PBXBuildFile; fileRef = 9C97F27228C2694B00CD60BD /* Assets.xcassets */; };
		9C97F27628C2694B00CD60BD /* LaunchScreen.storyboard in Resources */ = {isa = PBXBuildFile; fileRef = 9C97F27428C2694B00CD60BD /* LaunchScreen.storyboard */; };
		9C97F28028C2ECE100CD60BD /* LoginView.swift in Sources */ = {isa = PBXBuildFile; fileRef = 9C97F27F28C2ECE100CD60BD /* LoginView.swift */; };
		9C97F28328C5B3D200CD60BD /* OnboardingContainerViewController.swift in Sources */ = {isa = PBXBuildFile; fileRef = 9C97F28228C5B3D200CD60BD /* OnboardingContainerViewController.swift */; };
		9C97F28528C5BAD500CD60BD /* OnboardingViewController.swift in Sources */ = {isa = PBXBuildFile; fileRef = 9C97F28428C5BAD500CD60BD /* OnboardingViewController.swift */; };
		9CBC623828C80E8E00F7167B /* DummyViewController.swift in Sources */ = {isa = PBXBuildFile; fileRef = 9CBC623728C80E8E00F7167B /* DummyViewController.swift */; };
		9CBC623B28C8161300F7167B /* LocalState.swift in Sources */ = {isa = PBXBuildFile; fileRef = 9CBC623A28C8161300F7167B /* LocalState.swift */; };
		9CBC623D28C8D14800F7167B /* MainViewController.swift in Sources */ = {isa = PBXBuildFile; fileRef = 9CBC623C28C8D14800F7167B /* MainViewController.swift */; };
		9CBC624028C8F6C800F7167B /* AccountSummaryViewController.swift in Sources */ = {isa = PBXBuildFile; fileRef = 9CBC623F28C8F6C800F7167B /* AccountSummaryViewController.swift */; };
		9CBC624228C8FAFC00F7167B /* AccountSummaryHeaderView.swift in Sources */ = {isa = PBXBuildFile; fileRef = 9CBC624128C8FAFC00F7167B /* AccountSummaryHeaderView.swift */; };
		9CBC624428C8FB3E00F7167B /* AccountSummaryHeaderView.xib in Resources */ = {isa = PBXBuildFile; fileRef = 9CBC624328C8FB3E00F7167B /* AccountSummaryHeaderView.xib */; };
/* End PBXBuildFile section */

/* Begin PBXContainerItemProxy section */
		9C4B05BA28CA524300C23A65 /* PBXContainerItemProxy */ = {
			isa = PBXContainerItemProxy;
			containerPortal = 9C97F25E28C2694800CD60BD /* Project object */;
			proxyType = 1;
			remoteGlobalIDString = 9C97F26528C2694800CD60BD;
			remoteInfo = Bankey;
		};
/* End PBXContainerItemProxy section */

/* Begin PBXFileReference section */
		9C4B05AA28C9FC3300C23A65 /* AccountSummaryCell.swift */ = {isa = PBXFileReference; lastKnownFileType = sourcecode.swift; path = AccountSummaryCell.swift; sourceTree = "<group>"; };
		9C4B05AC28CA128E00C23A65 /* DecimalUtils.swift */ = {isa = PBXFileReference; lastKnownFileType = sourcecode.swift; path = DecimalUtils.swift; sourceTree = "<group>"; };
		9C4B05AE28CA12E600C23A65 /* CurrencyFormatter.swift */ = {isa = PBXFileReference; lastKnownFileType = sourcecode.swift; path = CurrencyFormatter.swift; sourceTree = "<group>"; };
		9C4B05B428CA524300C23A65 /* BankeyUnitTests.xctest */ = {isa = PBXFileReference; explicitFileType = wrapper.cfbundle; includeInIndex = 0; path = BankeyUnitTests.xctest; sourceTree = BUILT_PRODUCTS_DIR; };
		9C4B05BF28CA52B300C23A65 /* CurrencyFormatterTests.swift */ = {isa = PBXFileReference; lastKnownFileType = sourcecode.swift; path = CurrencyFormatterTests.swift; sourceTree = "<group>"; };
		9C97F26628C2694800CD60BD /* Bankey.app */ = {isa = PBXFileReference; explicitFileType = wrapper.application; includeInIndex = 0; path = Bankey.app; sourceTree = BUILT_PRODUCTS_DIR; };
		9C97F26928C2694800CD60BD /* AppDelegate.swift */ = {isa = PBXFileReference; lastKnownFileType = sourcecode.swift; path = AppDelegate.swift; sourceTree = "<group>"; };
		9C97F26D28C2694800CD60BD /* LoginViewController.swift */ = {isa = PBXFileReference; lastKnownFileType = sourcecode.swift; path = LoginViewController.swift; sourceTree = "<group>"; };
		9C97F27228C2694B00CD60BD /* Assets.xcassets */ = {isa = PBXFileReference; lastKnownFileType = folder.assetcatalog; path = Assets.xcassets; sourceTree = "<group>"; };
		9C97F27528C2694B00CD60BD /* Base */ = {isa = PBXFileReference; lastKnownFileType = file.storyboard; name = Base; path = Base.lproj/LaunchScreen.storyboard; sourceTree = "<group>"; };
		9C97F27728C2694B00CD60BD /* Info.plist */ = {isa = PBXFileReference; lastKnownFileType = text.plist.xml; path = Info.plist; sourceTree = "<group>"; };
		9C97F27F28C2ECE100CD60BD /* LoginView.swift */ = {isa = PBXFileReference; lastKnownFileType = sourcecode.swift; path = LoginView.swift; sourceTree = "<group>"; };
		9C97F28228C5B3D200CD60BD /* OnboardingContainerViewController.swift */ = {isa = PBXFileReference; lastKnownFileType = sourcecode.swift; path = OnboardingContainerViewController.swift; sourceTree = "<group>"; };
		9C97F28428C5BAD500CD60BD /* OnboardingViewController.swift */ = {isa = PBXFileReference; lastKnownFileType = sourcecode.swift; path = OnboardingViewController.swift; sourceTree = "<group>"; };
		9CBC623728C80E8E00F7167B /* DummyViewController.swift */ = {isa = PBXFileReference; lastKnownFileType = sourcecode.swift; path = DummyViewController.swift; sourceTree = "<group>"; };
		9CBC623A28C8161300F7167B /* LocalState.swift */ = {isa = PBXFileReference; lastKnownFileType = sourcecode.swift; path = LocalState.swift; sourceTree = "<group>"; };
		9CBC623C28C8D14800F7167B /* MainViewController.swift */ = {isa = PBXFileReference; lastKnownFileType = sourcecode.swift; path = MainViewController.swift; sourceTree = "<group>"; };
		9CBC623F28C8F6C800F7167B /* AccountSummaryViewController.swift */ = {isa = PBXFileReference; lastKnownFileType = sourcecode.swift; path = AccountSummaryViewController.swift; sourceTree = "<group>"; };
		9CBC624128C8FAFC00F7167B /* AccountSummaryHeaderView.swift */ = {isa = PBXFileReference; lastKnownFileType = sourcecode.swift; path = AccountSummaryHeaderView.swift; sourceTree = "<group>"; };
		9CBC624328C8FB3E00F7167B /* AccountSummaryHeaderView.xib */ = {isa = PBXFileReference; lastKnownFileType = file.xib; path = AccountSummaryHeaderView.xib; sourceTree = "<group>"; };
/* End PBXFileReference section */

/* Begin PBXFrameworksBuildPhase section */
		9C4B05B128CA524300C23A65 /* Frameworks */ = {
			isa = PBXFrameworksBuildPhase;
			buildActionMask = 2147483647;
			files = (
			);
			runOnlyForDeploymentPostprocessing = 0;
		};
		9C97F26328C2694800CD60BD /* Frameworks */ = {
			isa = PBXFrameworksBuildPhase;
			buildActionMask = 2147483647;
			files = (
			);
			runOnlyForDeploymentPostprocessing = 0;
		};
/* End PBXFrameworksBuildPhase section */

/* Begin PBXGroup section */
		9C4B05A828C9FBFA00C23A65 /* Header */ = {
			isa = PBXGroup;
			children = (
				9CBC624128C8FAFC00F7167B /* AccountSummaryHeaderView.swift */,
				9CBC624328C8FB3E00F7167B /* AccountSummaryHeaderView.xib */,
			);
			path = Header;
			sourceTree = "<group>";
		};
		9C4B05A928C9FC1900C23A65 /* Cells */ = {
			isa = PBXGroup;
			children = (
				9C4B05AA28C9FC3300C23A65 /* AccountSummaryCell.swift */,
			);
			path = Cells;
			sourceTree = "<group>";
		};
		9C4B05B528CA524300C23A65 /* BankeyUnitTests */ = {
			isa = PBXGroup;
			children = (
				9C4B05BF28CA52B300C23A65 /* CurrencyFormatterTests.swift */,
			);
			path = BankeyUnitTests;
			sourceTree = "<group>";
		};
		9C97F25D28C2694800CD60BD = {
			isa = PBXGroup;
			children = (
				9C97F26828C2694800CD60BD /* Bankey */,
				9C4B05B528CA524300C23A65 /* BankeyUnitTests */,
				9C97F26728C2694800CD60BD /* Products */,
			);
			sourceTree = "<group>";
		};
		9C97F26728C2694800CD60BD /* Products */ = {
			isa = PBXGroup;
			children = (
				9C97F26628C2694800CD60BD /* Bankey.app */,
				9C4B05B428CA524300C23A65 /* BankeyUnitTests.xctest */,
			);
			name = Products;
			sourceTree = "<group>";
		};
		9C97F26828C2694800CD60BD /* Bankey */ = {
			isa = PBXGroup;
			children = (
				9C97F26928C2694800CD60BD /* AppDelegate.swift */,
				9CBC623C28C8D14800F7167B /* MainViewController.swift */,
				9C97F27E28C2ECAB00CD60BD /* Login */,
				9C97F28128C5B37B00CD60BD /* Onboarding */,
				9CBC623E28C8F62F00F7167B /* AccountSummary */,
				9CBC623928C815F900F7167B /* Utils */,
				9C97F27D28C2EC3F00CD60BD /* Files */,
			);
			path = Bankey;
			sourceTree = "<group>";
		};
		9C97F27D28C2EC3F00CD60BD /* Files */ = {
			isa = PBXGroup;
			children = (
				9C97F27228C2694B00CD60BD /* Assets.xcassets */,
				9C97F27428C2694B00CD60BD /* LaunchScreen.storyboard */,
				9C97F27728C2694B00CD60BD /* Info.plist */,
			);
			name = Files;
			sourceTree = "<group>";
		};
		9C97F27E28C2ECAB00CD60BD /* Login */ = {
			isa = PBXGroup;
			children = (
				9C97F26D28C2694800CD60BD /* LoginViewController.swift */,
				9C97F27F28C2ECE100CD60BD /* LoginView.swift */,
				9CBC623728C80E8E00F7167B /* DummyViewController.swift */,
			);
			path = Login;
			sourceTree = "<group>";
		};
		9C97F28128C5B37B00CD60BD /* Onboarding */ = {
			isa = PBXGroup;
			children = (
				9C97F28228C5B3D200CD60BD /* OnboardingContainerViewController.swift */,
				9C97F28428C5BAD500CD60BD /* OnboardingViewController.swift */,
			);
			path = Onboarding;
			sourceTree = "<group>";
		};
		9CBC623928C815F900F7167B /* Utils */ = {
			isa = PBXGroup;
			children = (
				9CBC623A28C8161300F7167B /* LocalState.swift */,
				9C4B05AC28CA128E00C23A65 /* DecimalUtils.swift */,
				9C4B05AE28CA12E600C23A65 /* CurrencyFormatter.swift */,
			);
			path = Utils;
			sourceTree = "<group>";
		};
		9CBC623E28C8F62F00F7167B /* AccountSummary */ = {
			isa = PBXGroup;
			children = (
				9C4B05A828C9FBFA00C23A65 /* Header */,
				9C4B05A928C9FC1900C23A65 /* Cells */,
				9CBC623F28C8F6C800F7167B /* AccountSummaryViewController.swift */,
			);
			path = AccountSummary;
			sourceTree = "<group>";
		};
/* End PBXGroup section */

/* Begin PBXNativeTarget section */
		9C4B05B328CA524300C23A65 /* BankeyUnitTests */ = {
			isa = PBXNativeTarget;
			buildConfigurationList = 9C4B05BE28CA524300C23A65 /* Build configuration list for PBXNativeTarget "BankeyUnitTests" */;
			buildPhases = (
				9C4B05B028CA524300C23A65 /* Sources */,
				9C4B05B128CA524300C23A65 /* Frameworks */,
				9C4B05B228CA524300C23A65 /* Resources */,
			);
			buildRules = (
			);
			dependencies = (
				9C4B05BB28CA524300C23A65 /* PBXTargetDependency */,
			);
			name = BankeyUnitTests;
			productName = BankeyUnitTests;
			productReference = 9C4B05B428CA524300C23A65 /* BankeyUnitTests.xctest */;
			productType = "com.apple.product-type.bundle.ui-testing";
		};
		9C97F26528C2694800CD60BD /* Bankey */ = {
			isa = PBXNativeTarget;
			buildConfigurationList = 9C97F27A28C2694B00CD60BD /* Build configuration list for PBXNativeTarget "Bankey" */;
			buildPhases = (
				9C97F26228C2694800CD60BD /* Sources */,
				9C97F26328C2694800CD60BD /* Frameworks */,
				9C97F26428C2694800CD60BD /* Resources */,
			);
			buildRules = (
			);
			dependencies = (
			);
			name = Bankey;
			productName = Bankey;
			productReference = 9C97F26628C2694800CD60BD /* Bankey.app */;
			productType = "com.apple.product-type.application";
		};
/* End PBXNativeTarget section */

/* Begin PBXProject section */
		9C97F25E28C2694800CD60BD /* Project object */ = {
			isa = PBXProject;
			attributes = {
				BuildIndependentTargetsInParallel = 1;
				LastSwiftUpdateCheck = 1340;
				LastUpgradeCheck = 1340;
				TargetAttributes = {
					9C4B05B328CA524300C23A65 = {
						CreatedOnToolsVersion = 13.4.1;
						TestTargetID = 9C97F26528C2694800CD60BD;
					};
					9C97F26528C2694800CD60BD = {
						CreatedOnToolsVersion = 13.4.1;
					};
				};
			};
			buildConfigurationList = 9C97F26128C2694800CD60BD /* Build configuration list for PBXProject "Bankey" */;
			compatibilityVersion = "Xcode 13.0";
			developmentRegion = en;
			hasScannedForEncodings = 0;
			knownRegions = (
				en,
				Base,
			);
			mainGroup = 9C97F25D28C2694800CD60BD;
			productRefGroup = 9C97F26728C2694800CD60BD /* Products */;
			projectDirPath = "";
			projectRoot = "";
			targets = (
				9C97F26528C2694800CD60BD /* Bankey */,
				9C4B05B328CA524300C23A65 /* BankeyUnitTests */,
			);
		};
/* End PBXProject section */

/* Begin PBXResourcesBuildPhase section */
		9C4B05B228CA524300C23A65 /* Resources */ = {
			isa = PBXResourcesBuildPhase;
			buildActionMask = 2147483647;
			files = (
			);
			runOnlyForDeploymentPostprocessing = 0;
		};
		9C97F26428C2694800CD60BD /* Resources */ = {
			isa = PBXResourcesBuildPhase;
			buildActionMask = 2147483647;
			files = (
				9CBC624428C8FB3E00F7167B /* AccountSummaryHeaderView.xib in Resources */,
				9C97F27628C2694B00CD60BD /* LaunchScreen.storyboard in Resources */,
				9C97F27328C2694B00CD60BD /* Assets.xcassets in Resources */,
			);
			runOnlyForDeploymentPostprocessing = 0;
		};
/* End PBXResourcesBuildPhase section */

/* Begin PBXSourcesBuildPhase section */
		9C4B05B028CA524300C23A65 /* Sources */ = {
			isa = PBXSourcesBuildPhase;
			buildActionMask = 2147483647;
			files = (
				9C4B05C028CA52B300C23A65 /* CurrencyFormatterTests.swift in Sources */,
			);
			runOnlyForDeploymentPostprocessing = 0;
		};
		9C97F26228C2694800CD60BD /* Sources */ = {
			isa = PBXSourcesBuildPhase;
			buildActionMask = 2147483647;
			files = (
				9CBC624228C8FAFC00F7167B /* AccountSummaryHeaderView.swift in Sources */,
				9C4B05AB28C9FC3300C23A65 /* AccountSummaryCell.swift in Sources */,
				9C97F28028C2ECE100CD60BD /* LoginView.swift in Sources */,
				9CBC623B28C8161300F7167B /* LocalState.swift in Sources */,
				9CBC623828C80E8E00F7167B /* DummyViewController.swift in Sources */,
				9C97F26E28C2694800CD60BD /* LoginViewController.swift in Sources */,
				9C4B05AF28CA12E600C23A65 /* CurrencyFormatter.swift in Sources */,
				9C97F28528C5BAD500CD60BD /* OnboardingViewController.swift in Sources */,
				9C97F26A28C2694800CD60BD /* AppDelegate.swift in Sources */,
				9C97F28328C5B3D200CD60BD /* OnboardingContainerViewController.swift in Sources */,
				9C4B05AD28CA128E00C23A65 /* DecimalUtils.swift in Sources */,
				9CBC623D28C8D14800F7167B /* MainViewController.swift in Sources */,
				9CBC624028C8F6C800F7167B /* AccountSummaryViewController.swift in Sources */,
			);
			runOnlyForDeploymentPostprocessing = 0;
		};
/* End PBXSourcesBuildPhase section */

/* Begin PBXTargetDependency section */
		9C4B05BB28CA524300C23A65 /* PBXTargetDependency */ = {
			isa = PBXTargetDependency;
			target = 9C97F26528C2694800CD60BD /* Bankey */;
			targetProxy = 9C4B05BA28CA524300C23A65 /* PBXContainerItemProxy */;
		};
/* End PBXTargetDependency section */

/* Begin PBXVariantGroup section */
		9C97F27428C2694B00CD60BD /* LaunchScreen.storyboard */ = {
			isa = PBXVariantGroup;
			children = (
				9C97F27528C2694B00CD60BD /* Base */,
			);
			name = LaunchScreen.storyboard;
			sourceTree = "<group>";
		};
/* End PBXVariantGroup section */

/* Begin XCBuildConfiguration section */
		9C4B05BC28CA524300C23A65 /* Debug */ = {
			isa = XCBuildConfiguration;
			buildSettings = {
				CODE_SIGN_STYLE = Automatic;
				CURRENT_PROJECT_VERSION = 1;
				DEVELOPMENT_TEAM = BF7DPV6P6U;
				GENERATE_INFOPLIST_FILE = YES;
				MARKETING_VERSION = 1.0;
				PRODUCT_BUNDLE_IDENTIFIER = com.eugenio.BankeyUnitTests;
				PRODUCT_NAME = "$(TARGET_NAME)";
				SWIFT_EMIT_LOC_STRINGS = NO;
				SWIFT_VERSION = 5.0;
				TARGETED_DEVICE_FAMILY = "1,2";
				TEST_TARGET_NAME = Bankey;
			};
			name = Debug;
		};
		9C4B05BD28CA524300C23A65 /* Release */ = {
			isa = XCBuildConfiguration;
			buildSettings = {
				CODE_SIGN_STYLE = Automatic;
				CURRENT_PROJECT_VERSION = 1;
				DEVELOPMENT_TEAM = BF7DPV6P6U;
				GENERATE_INFOPLIST_FILE = YES;
				MARKETING_VERSION = 1.0;
				PRODUCT_BUNDLE_IDENTIFIER = com.eugenio.BankeyUnitTests;
				PRODUCT_NAME = "$(TARGET_NAME)";
				SWIFT_EMIT_LOC_STRINGS = NO;
				SWIFT_VERSION = 5.0;
				TARGETED_DEVICE_FAMILY = "1,2";
				TEST_TARGET_NAME = Bankey;
			};
			name = Release;
		};
		9C97F27828C2694B00CD60BD /* Debug */ = {
			isa = XCBuildConfiguration;
			buildSettings = {
				ALWAYS_SEARCH_USER_PATHS = NO;
				CLANG_ANALYZER_NONNULL = YES;
				CLANG_ANALYZER_NUMBER_OBJECT_CONVERSION = YES_AGGRESSIVE;
				CLANG_CXX_LANGUAGE_STANDARD = "gnu++17";
				CLANG_ENABLE_MODULES = YES;
				CLANG_ENABLE_OBJC_ARC = YES;
				CLANG_ENABLE_OBJC_WEAK = YES;
				CLANG_WARN_BLOCK_CAPTURE_AUTORELEASING = YES;
				CLANG_WARN_BOOL_CONVERSION = YES;
				CLANG_WARN_COMMA = YES;
				CLANG_WARN_CONSTANT_CONVERSION = YES;
				CLANG_WARN_DEPRECATED_OBJC_IMPLEMENTATIONS = YES;
				CLANG_WARN_DIRECT_OBJC_ISA_USAGE = YES_ERROR;
				CLANG_WARN_DOCUMENTATION_COMMENTS = YES;
				CLANG_WARN_EMPTY_BODY = YES;
				CLANG_WARN_ENUM_CONVERSION = YES;
				CLANG_WARN_INFINITE_RECURSION = YES;
				CLANG_WARN_INT_CONVERSION = YES;
				CLANG_WARN_NON_LITERAL_NULL_CONVERSION = YES;
				CLANG_WARN_OBJC_IMPLICIT_RETAIN_SELF = YES;
				CLANG_WARN_OBJC_LITERAL_CONVERSION = YES;
				CLANG_WARN_OBJC_ROOT_CLASS = YES_ERROR;
				CLANG_WARN_QUOTED_INCLUDE_IN_FRAMEWORK_HEADER = YES;
				CLANG_WARN_RANGE_LOOP_ANALYSIS = YES;
				CLANG_WARN_STRICT_PROTOTYPES = YES;
				CLANG_WARN_SUSPICIOUS_MOVE = YES;
				CLANG_WARN_UNGUARDED_AVAILABILITY = YES_AGGRESSIVE;
				CLANG_WARN_UNREACHABLE_CODE = YES;
				CLANG_WARN__DUPLICATE_METHOD_MATCH = YES;
				COPY_PHASE_STRIP = NO;
				DEBUG_INFORMATION_FORMAT = dwarf;
				ENABLE_STRICT_OBJC_MSGSEND = YES;
				ENABLE_TESTABILITY = YES;
				GCC_C_LANGUAGE_STANDARD = gnu11;
				GCC_DYNAMIC_NO_PIC = NO;
				GCC_NO_COMMON_BLOCKS = YES;
				GCC_OPTIMIZATION_LEVEL = 0;
				GCC_PREPROCESSOR_DEFINITIONS = (
					"DEBUG=1",
					"$(inherited)",
				);
				GCC_WARN_64_TO_32_BIT_CONVERSION = YES;
				GCC_WARN_ABOUT_RETURN_TYPE = YES_ERROR;
				GCC_WARN_UNDECLARED_SELECTOR = YES;
				GCC_WARN_UNINITIALIZED_AUTOS = YES_AGGRESSIVE;
				GCC_WARN_UNUSED_FUNCTION = YES;
				GCC_WARN_UNUSED_VARIABLE = YES;
				IPHONEOS_DEPLOYMENT_TARGET = 15.5;
				MTL_ENABLE_DEBUG_INFO = INCLUDE_SOURCE;
				MTL_FAST_MATH = YES;
				ONLY_ACTIVE_ARCH = YES;
				SDKROOT = iphoneos;
				SWIFT_ACTIVE_COMPILATION_CONDITIONS = DEBUG;
				SWIFT_OPTIMIZATION_LEVEL = "-Onone";
			};
			name = Debug;
		};
		9C97F27928C2694B00CD60BD /* Release */ = {
			isa = XCBuildConfiguration;
			buildSettings = {
				ALWAYS_SEARCH_USER_PATHS = NO;
				CLANG_ANALYZER_NONNULL = YES;
				CLANG_ANALYZER_NUMBER_OBJECT_CONVERSION = YES_AGGRESSIVE;
				CLANG_CXX_LANGUAGE_STANDARD = "gnu++17";
				CLANG_ENABLE_MODULES = YES;
				CLANG_ENABLE_OBJC_ARC = YES;
				CLANG_ENABLE_OBJC_WEAK = YES;
				CLANG_WARN_BLOCK_CAPTURE_AUTORELEASING = YES;
				CLANG_WARN_BOOL_CONVERSION = YES;
				CLANG_WARN_COMMA = YES;
				CLANG_WARN_CONSTANT_CONVERSION = YES;
				CLANG_WARN_DEPRECATED_OBJC_IMPLEMENTATIONS = YES;
				CLANG_WARN_DIRECT_OBJC_ISA_USAGE = YES_ERROR;
				CLANG_WARN_DOCUMENTATION_COMMENTS = YES;
				CLANG_WARN_EMPTY_BODY = YES;
				CLANG_WARN_ENUM_CONVERSION = YES;
				CLANG_WARN_INFINITE_RECURSION = YES;
				CLANG_WARN_INT_CONVERSION = YES;
				CLANG_WARN_NON_LITERAL_NULL_CONVERSION = YES;
				CLANG_WARN_OBJC_IMPLICIT_RETAIN_SELF = YES;
				CLANG_WARN_OBJC_LITERAL_CONVERSION = YES;
				CLANG_WARN_OBJC_ROOT_CLASS = YES_ERROR;
				CLANG_WARN_QUOTED_INCLUDE_IN_FRAMEWORK_HEADER = YES;
				CLANG_WARN_RANGE_LOOP_ANALYSIS = YES;
				CLANG_WARN_STRICT_PROTOTYPES = YES;
				CLANG_WARN_SUSPICIOUS_MOVE = YES;
				CLANG_WARN_UNGUARDED_AVAILABILITY = YES_AGGRESSIVE;
				CLANG_WARN_UNREACHABLE_CODE = YES;
				CLANG_WARN__DUPLICATE_METHOD_MATCH = YES;
				COPY_PHASE_STRIP = NO;
				DEBUG_INFORMATION_FORMAT = "dwarf-with-dsym";
				ENABLE_NS_ASSERTIONS = NO;
				ENABLE_STRICT_OBJC_MSGSEND = YES;
				GCC_C_LANGUAGE_STANDARD = gnu11;
				GCC_NO_COMMON_BLOCKS = YES;
				GCC_WARN_64_TO_32_BIT_CONVERSION = YES;
				GCC_WARN_ABOUT_RETURN_TYPE = YES_ERROR;
				GCC_WARN_UNDECLARED_SELECTOR = YES;
				GCC_WARN_UNINITIALIZED_AUTOS = YES_AGGRESSIVE;
				GCC_WARN_UNUSED_FUNCTION = YES;
				GCC_WARN_UNUSED_VARIABLE = YES;
				IPHONEOS_DEPLOYMENT_TARGET = 15.5;
				MTL_ENABLE_DEBUG_INFO = NO;
				MTL_FAST_MATH = YES;
				SDKROOT = iphoneos;
				SWIFT_COMPILATION_MODE = wholemodule;
				SWIFT_OPTIMIZATION_LEVEL = "-O";
				VALIDATE_PRODUCT = YES;
			};
			name = Release;
		};
		9C97F27B28C2694B00CD60BD /* Debug */ = {
			isa = XCBuildConfiguration;
			buildSettings = {
				ASSETCATALOG_COMPILER_APPICON_NAME = AppIcon;
				ASSETCATALOG_COMPILER_GLOBAL_ACCENT_COLOR_NAME = AccentColor;
				CODE_SIGN_STYLE = Automatic;
				CURRENT_PROJECT_VERSION = 1;
				DEVELOPMENT_TEAM = BF7DPV6P6U;
				GENERATE_INFOPLIST_FILE = YES;
				INFOPLIST_FILE = Bankey/Info.plist;
				INFOPLIST_KEY_UIApplicationSupportsIndirectInputEvents = YES;
				INFOPLIST_KEY_UILaunchStoryboardName = LaunchScreen;
				INFOPLIST_KEY_UISupportedInterfaceOrientations_iPad = "UIInterfaceOrientationPortrait UIInterfaceOrientationPortraitUpsideDown UIInterfaceOrientationLandscapeLeft UIInterfaceOrientationLandscapeRight";
				INFOPLIST_KEY_UISupportedInterfaceOrientations_iPhone = "UIInterfaceOrientationPortrait UIInterfaceOrientationLandscapeLeft UIInterfaceOrientationLandscapeRight";
				LD_RUNPATH_SEARCH_PATHS = (
					"$(inherited)",
					"@executable_path/Frameworks",
				);
				MARKETING_VERSION = 1.0;
				PRODUCT_BUNDLE_IDENTIFIER = com.eugenio.Bankey;
				PRODUCT_NAME = "$(TARGET_NAME)";
				SWIFT_EMIT_LOC_STRINGS = YES;
				SWIFT_VERSION = 5.0;
				TARGETED_DEVICE_FAMILY = "1,2";
			};
			name = Debug;
		};
		9C97F27C28C2694B00CD60BD /* Release */ = {
			isa = XCBuildConfiguration;
			buildSettings = {
				ASSETCATALOG_COMPILER_APPICON_NAME = AppIcon;
				ASSETCATALOG_COMPILER_GLOBAL_ACCENT_COLOR_NAME = AccentColor;
				CODE_SIGN_STYLE = Automatic;
				CURRENT_PROJECT_VERSION = 1;
				DEVELOPMENT_TEAM = BF7DPV6P6U;
				GENERATE_INFOPLIST_FILE = YES;
				INFOPLIST_FILE = Bankey/Info.plist;
				INFOPLIST_KEY_UIApplicationSupportsIndirectInputEvents = YES;
				INFOPLIST_KEY_UILaunchStoryboardName = LaunchScreen;
				INFOPLIST_KEY_UISupportedInterfaceOrientations_iPad = "UIInterfaceOrientationPortrait UIInterfaceOrientationPortraitUpsideDown UIInterfaceOrientationLandscapeLeft UIInterfaceOrientationLandscapeRight";
				INFOPLIST_KEY_UISupportedInterfaceOrientations_iPhone = "UIInterfaceOrientationPortrait UIInterfaceOrientationLandscapeLeft UIInterfaceOrientationLandscapeRight";
				LD_RUNPATH_SEARCH_PATHS = (
					"$(inherited)",
					"@executable_path/Frameworks",
				);
				MARKETING_VERSION = 1.0;
				PRODUCT_BUNDLE_IDENTIFIER = com.eugenio.Bankey;
				PRODUCT_NAME = "$(TARGET_NAME)";
				SWIFT_EMIT_LOC_STRINGS = YES;
				SWIFT_VERSION = 5.0;
				TARGETED_DEVICE_FAMILY = "1,2";
			};
			name = Release;
		};
/* End XCBuildConfiguration section */

/* Begin XCConfigurationList section */
		9C4B05BE28CA524300C23A65 /* Build configuration list for PBXNativeTarget "BankeyUnitTests" */ = {
			isa = XCConfigurationList;
			buildConfigurations = (
				9C4B05BC28CA524300C23A65 /* Debug */,
				9C4B05BD28CA524300C23A65 /* Release */,
			);
			defaultConfigurationIsVisible = 0;
			defaultConfigurationName = Release;
		};
		9C97F26128C2694800CD60BD /* Build configuration list for PBXProject "Bankey" */ = {
			isa = XCConfigurationList;
			buildConfigurations = (
				9C97F27828C2694B00CD60BD /* Debug */,
				9C97F27928C2694B00CD60BD /* Release */,
			);
			defaultConfigurationIsVisible = 0;
			defaultConfigurationName = Release;
		};
		9C97F27A28C2694B00CD60BD /* Build configuration list for PBXNativeTarget "Bankey" */ = {
			isa = XCConfigurationList;
			buildConfigurations = (
				9C97F27B28C2694B00CD60BD /* Debug */,
				9C97F27C28C2694B00CD60BD /* Release */,
			);
			defaultConfigurationIsVisible = 0;
			defaultConfigurationName = Release;
		};
/* End XCConfigurationList section */
	};
	rootObject = 9C97F25E28C2694800CD60BD /* Project object */;
}
